
Microsoft Visual Studio Solution File, Format Version 12.00
# Visual Studio Version 16
VisualStudioVersion = 16.0.29503.13
MinimumVisualStudioVersion = 10.0.40219.1
Project("{9A19103F-16F7-4668-BE54-9A1E7A4F7556}") = "QuestForJob", "ConsoleApp1\QuestForJob.csproj", "{FAB0287D-5041-4029-89C9-4B00D9205F05}"
EndProject
Global
	GlobalSection(SolutionConfigurationPlatforms) = preSolution
		Debug|Any CPU = Debug|Any CPU
		Release|Any CPU = Release|Any CPU
	EndGlobalSection
	GlobalSection(ProjectConfigurationPlatforms) = postSolution
		{FAB0287D-5041-4029-89C9-4B00D9205F05}.Debug|Any CPU.ActiveCfg = Debug|Any CPU
		{FAB0287D-5041-4029-89C9-4B00D9205F05}.Debug|Any CPU.Build.0 = Debug|Any CPU
		{FAB0287D-5041-4029-89C9-4B00D9205F05}.Release|Any CPU.ActiveCfg = Release|Any CPU
		{FAB0287D-5041-4029-89C9-4B00D9205F05}.Release|Any CPU.Build.0 = Release|Any CPU
	EndGlobalSection
	GlobalSection(SolutionProperties) = preSolution
		HideSolutionNode = FALSE
	EndGlobalSection
	GlobalSection(ExtensibilityGlobals) = postSolution
		SolutionGuid = {DD0AB537-CCB3-4DD7-8235-00D5D9863155}
	EndGlobalSection
EndGlobal
